
Microsoft Visual Studio Solution File, Format Version 12.00
# Visual Studio Version 17
VisualStudioVersion = 17.7.34031.279
MinimumVisualStudioVersion = 10.0.40219.1
Project("{FAE04EC0-301F-11D3-BF4B-00C04F79EFBC}") = "console", "EfTaskOne\console.csproj", "{5F21E4FB-FA99-45D5-99B8-BCC79C7DD46D}"
EndProject
Global
	GlobalSection(SolutionConfigurationPlatforms) = preSolution
		Debug|Any CPU = Debug|Any CPU
		Release|Any CPU = Release|Any CPU
	EndGlobalSection
	GlobalSection(ProjectConfigurationPlatforms) = postSolution
		{5F21E4FB-FA99-45D5-99B8-BCC79C7DD46D}.Debug|Any CPU.ActiveCfg = Debug|Any CPU
		{5F21E4FB-FA99-45D5-99B8-BCC79C7DD46D}.Debug|Any CPU.Build.0 = Debug|Any CPU
		{5F21E4FB-FA99-45D5-99B8-BCC79C7DD46D}.Release|Any CPU.ActiveCfg = Release|Any CPU
		{5F21E4FB-FA99-45D5-99B8-BCC79C7DD46D}.Release|Any CPU.Build.0 = Release|Any CPU
	EndGlobalSection
	GlobalSection(SolutionProperties) = preSolution
		HideSolutionNode = FALSE
	EndGlobalSection
	GlobalSection(ExtensibilityGlobals) = postSolution
		SolutionGuid = {27D9C82A-F3DE-48A7-A698-FF82E9DDA678}
	EndGlobalSection
EndGlobal
